
Microsoft Visual Studio Solution File, Format Version 12.00
# Visual Studio 15
VisualStudioVersion = 15.0.28010.2050
MinimumVisualStudioVersion = 10.0.40219.1
Project("{FAE04EC0-301F-11D3-BF4B-00C04F79EFBC}") = "ThermoGroupSample", "ThermoGroupSample\ThermoGroupSample.csproj", "{8590DDDC-8B0D-48A3-B415-B13F04A9BFEA}"
EndProject
Project("{FAE04EC0-301F-11D3-BF4B-00C04F79EFBC}") = "BiaodingSample", "BiaodingSample\BiaodingSample.csproj", "{1CB86CE4-581C-4250-BCDE-91F9B1C2A9F9}"
EndProject
Global
	GlobalSection(SolutionConfigurationPlatforms) = preSolution
		Debug|Any CPU = Debug|Any CPU
		Debug|x64 = Debug|x64
		Debug|x86 = Debug|x86
		Release|Any CPU = Release|Any CPU
		Release|x64 = Release|x64
		Release|x86 = Release|x86
	EndGlobalSection
	GlobalSection(ProjectConfigurationPlatforms) = postSolution
		{8590DDDC-8B0D-48A3-B415-B13F04A9BFEA}.Debug|Any CPU.ActiveCfg = Debug|Any CPU
		{8590DDDC-8B0D-48A3-B415-B13F04A9BFEA}.Debug|Any CPU.Build.0 = Debug|Any CPU
		{8590DDDC-8B0D-48A3-B415-B13F04A9BFEA}.Debug|x64.ActiveCfg = Debug|Any CPU
		{8590DDDC-8B0D-48A3-B415-B13F04A9BFEA}.Debug|x64.Build.0 = Debug|Any CPU
		{8590DDDC-8B0D-48A3-B415-B13F04A9BFEA}.Debug|x86.ActiveCfg = Debug|Any CPU
		{8590DDDC-8B0D-48A3-B415-B13F04A9BFEA}.Debug|x86.Build.0 = Debug|Any CPU
		{8590DDDC-8B0D-48A3-B415-B13F04A9BFEA}.Release|Any CPU.ActiveCfg = Release|Any CPU
		{8590DDDC-8B0D-48A3-B415-B13F04A9BFEA}.Release|Any CPU.Build.0 = Release|Any CPU
		{8590DDDC-8B0D-48A3-B415-B13F04A9BFEA}.Release|x64.ActiveCfg = Release|Any CPU
		{8590DDDC-8B0D-48A3-B415-B13F04A9BFEA}.Release|x64.Build.0 = Release|Any CPU
		{8590DDDC-8B0D-48A3-B415-B13F04A9BFEA}.Release|x86.ActiveCfg = Release|Any CPU
		{8590DDDC-8B0D-48A3-B415-B13F04A9BFEA}.Release|x86.Build.0 = Release|Any CPU
		{1CB86CE4-581C-4250-BCDE-91F9B1C2A9F9}.Debug|Any CPU.ActiveCfg = Debug|Any CPU
		{1CB86CE4-581C-4250-BCDE-91F9B1C2A9F9}.Debug|Any CPU.Build.0 = Debug|Any CPU
		{1CB86CE4-581C-4250-BCDE-91F9B1C2A9F9}.Debug|x64.ActiveCfg = Debug|Any CPU
		{1CB86CE4-581C-4250-BCDE-91F9B1C2A9F9}.Debug|x64.Build.0 = Debug|Any CPU
		{1CB86CE4-581C-4250-BCDE-91F9B1C2A9F9}.Debug|x86.ActiveCfg = Debug|Any CPU
		{1CB86CE4-581C-4250-BCDE-91F9B1C2A9F9}.Debug|x86.Build.0 = Debug|Any CPU
		{1CB86CE4-581C-4250-BCDE-91F9B1C2A9F9}.Release|Any CPU.ActiveCfg = Release|Any CPU
		{1CB86CE4-581C-4250-BCDE-91F9B1C2A9F9}.Release|Any CPU.Build.0 = Release|Any CPU
		{1CB86CE4-581C-4250-BCDE-91F9B1C2A9F9}.Release|x64.ActiveCfg = Release|Any CPU
		{1CB86CE4-581C-4250-BCDE-91F9B1C2A9F9}.Release|x64.Build.0 = Release|Any CPU
		{1CB86CE4-581C-4250-BCDE-91F9B1C2A9F9}.Release|x86.ActiveCfg = Release|Any CPU
		{1CB86CE4-581C-4250-BCDE-91F9B1C2A9F9}.Release|x86.Build.0 = Release|Any CPU
	EndGlobalSection
	GlobalSection(SolutionProperties) = preSolution
		HideSolutionNode = FALSE
	EndGlobalSection
	GlobalSection(ExtensibilityGlobals) = postSolution
		SolutionGuid = {AA13EEEC-EB14-49A5-834C-8FA6DF566BA9}
	EndGlobalSection
EndGlobal
